
Microsoft Visual Studio Solution File, Format Version 12.00
# Visual Studio Version 17
VisualStudioVersion = 17.9.34622.214
MinimumVisualStudioVersion = 10.0.40219.1
Project("{9A19103F-16F7-4668-BE54-9A1E7A4F7556}") = "DevExtremeAspNetCoreApp1", "DevExtremeAspNetCoreApp1\DevExtremeAspNetCoreApp1.csproj", "{D4A61B90-3F7C-4799-A4AD-8F17B9EFB19B}"
EndProject
Project("{2150E333-8FDC-42A3-9474-1A3956D46DE8}") = "DevExtreme NuGet.config", "DevExtreme NuGet.config", "{F813ED6E-0060-48D7-9536-93456C62AF00}"
	ProjectSection(SolutionItems) = preProject
		NuGet.config = NuGet.config
	EndProjectSection
EndProject
Global
	GlobalSection(SolutionConfigurationPlatforms) = preSolution
		Debug|Any CPU = Debug|Any CPU
		Release|Any CPU = Release|Any CPU
	EndGlobalSection
	GlobalSection(ProjectConfigurationPlatforms) = postSolution
		{D4A61B90-3F7C-4799-A4AD-8F17B9EFB19B}.Debug|Any CPU.ActiveCfg = Debug|Any CPU
		{D4A61B90-3F7C-4799-A4AD-8F17B9EFB19B}.Debug|Any CPU.Build.0 = Debug|Any CPU
		{D4A61B90-3F7C-4799-A4AD-8F17B9EFB19B}.Release|Any CPU.ActiveCfg = Release|Any CPU
		{D4A61B90-3F7C-4799-A4AD-8F17B9EFB19B}.Release|Any CPU.Build.0 = Release|Any CPU
	EndGlobalSection
	GlobalSection(SolutionProperties) = preSolution
		HideSolutionNode = FALSE
	EndGlobalSection
	GlobalSection(ExtensibilityGlobals) = postSolution
		SolutionGuid = {E3152A55-4CB6-44D2-A348-3D8AFE8E66D5}
	EndGlobalSection
EndGlobal
